{
  "name": "plugin-repository-of-midasit-products",
  "version": "1.0.0",
  "lockfileVersion": 3,
  "requires": true,
  "packages": {
    "": {
      "name": "plugin-repository-of-midasit-products",
      "version": "1.0.0",
      "license": "MIT",
      "dependencies": {
        "@midasit-dev/cra-template-moaui": "^1.1.96"
      }
    },
    "node_modules/@midasit-dev/cra-template-moaui": {
      "version": "1.1.96",
      "resolved": "https://registry.npmjs.org/@midasit-dev/cra-template-moaui/-/cra-template-moaui-1.1.96.tgz",
      "integrity": "sha512-vzUeMuVVmCZZHNZZamUj64A+fFSAGg+My+ekBzGFTGfaJHlEqraZcDeyYL/7hKmUx/0y2zUURnyQNddLVkHFoQ=="
    }
  }
}
