# THIS IS AN AUTOGENERATED FILE. DO NOT EDIT THIS FILE DIRECTLY.
# yarn lockfile v1


"@midasit-dev/cra-template-moaui@^1.1.96":
  version "1.1.96"
  resolved "https://registry.npmjs.org/@midasit-dev/cra-template-moaui/-/cra-template-moaui-1.1.96.tgz"
  integrity sha512-vzUeMuVVmCZZHNZZamUj64A+fFSAGg+My+ekBzGFTGfaJHlEqraZcDeyYL/7hKmUx/0y2zUURnyQNddLVkHFoQ==
